PODS:
  - JetToTheFuture (0.1.0)
  - Nimble (5.1.1)
  - Quick (1.0.0)

DEPENDENCIES:
  - JetToTheFuture (from `../`)
  - Nimble
  - Quick

EXTERNAL SOURCES:
  JetToTheFuture:
    :path: "../"

SPEC CHECKSUMS:
  JetToTheFuture: d2e3f884dd862feb36fb8116ce32a7a278d49e1c
  Nimble: 415e3aa3267e7bc2c96b05fa814ddea7bb686a29
  Quick: 8024e4a47e6cc03a9d5245ef0948264fc6d27cff

PODFILE CHECKSUM: 90d3b1aa5c5b1d68535692f5336025f6baa8c8d1

COCOAPODS: 1.1.1
