{
  "object": {
    "pins": [
      {
        "package": "BrightFutures",
        "repositoryURL": "https://github.com/Thomvis/BrightFutures",
        "state": {
          "branch": null,
          "revision": "8659746df02d8f62a112eda288f4f2f3bab368f1",
          "version": "6.0.0"
        }
      },
      {
        "package": "Result",
        "repositoryURL": "https://github.com/antitypical/Result.git",
        "state": {
          "branch": null,
          "revision": "c8446185238659a2b27c0261f64ff1254291d07d",
          "version": "3.2.3"
        }
      }
    ]
  },
  "version": 1
}
